
Microsoft Visual Studio Solution File, Format Version 12.00
# Visual Studio 2012
Project("{FAE04EC0-301F-11D3-BF4B-00C04F79EFBC}") = "ANGULARJS", "ANGULARJS\ANGULARJS.csproj", "{F2861D40-E283-4B4C-B415-A56394319FD4}"
EndProject
Project("{FAE04EC0-301F-11D3-BF4B-00C04F79EFBC}") = "DAL", "DAL\DAL.csproj", "{75D3EA1A-207A-4172-8C0B-8903B6CD74AD}"
EndProject
Global
	GlobalSection(SolutionConfigurationPlatforms) = preSolution
		Debug|Any CPU = Debug|Any CPU
		Release|Any CPU = Release|Any CPU
	EndGlobalSection
	GlobalSection(ProjectConfigurationPlatforms) = postSolution
		{F2861D40-E283-4B4C-B415-A56394319FD4}.Debug|Any CPU.ActiveCfg = Debug|Any CPU
		{F2861D40-E283-4B4C-B415-A56394319FD4}.Debug|Any CPU.Build.0 = Debug|Any CPU
		{F2861D40-E283-4B4C-B415-A56394319FD4}.Release|Any CPU.ActiveCfg = Release|Any CPU
		{F2861D40-E283-4B4C-B415-A56394319FD4}.Release|Any CPU.Build.0 = Release|Any CPU
		{75D3EA1A-207A-4172-8C0B-8903B6CD74AD}.Debug|Any CPU.ActiveCfg = Debug|Any CPU
		{75D3EA1A-207A-4172-8C0B-8903B6CD74AD}.Debug|Any CPU.Build.0 = Debug|Any CPU
		{75D3EA1A-207A-4172-8C0B-8903B6CD74AD}.Release|Any CPU.ActiveCfg = Release|Any CPU
		{75D3EA1A-207A-4172-8C0B-8903B6CD74AD}.Release|Any CPU.Build.0 = Release|Any CPU
	EndGlobalSection
	GlobalSection(SolutionProperties) = preSolution
		HideSolutionNode = FALSE
	EndGlobalSection
EndGlobal
